<?xml version="1.0" encoding="UTF-8" standalone="yes" ?>
<CodeBlocks_project_file>
	<FileVersion major="1" minor="6" />
	<Project>
		<Option title="BomberBoy" />
		<Option pch_mode="2" />
		<Option compiler="gcc" />
		<Build>
			<Target title="Client Release x64">
				<Option output="BomberBoy" prefix_auto="1" extension_auto="1" />
				<Option type="0" />
				<Option compiler="gcc" />
				<Compiler>
					<Add option="-DSFML_STATIC" />
					<Add option="-DBUILD_CORE" />
					<Add option="-DBUILD_RELEASE" />
					<Add option="-DBUILD_CLIENT" />
					<Add directory="$(SolutionDir)Dependencies/SFML-64/include" />
					<Add directory="$(SolutionDir)Engine-Core/Includes" />
				</Compiler>
				<Linker>
					<Add library="Engine-Core.lib" />
					<Add library="sfml-graphics-s.lib" />
					<Add library="sfml-window-s.lib" />
					<Add library="sfml-system-s.lib" />
					<Add library="opengl32.lib" />
					<Add library="freetype.lib" />
					<Add library="jpeg.lib" />
					<Add library="winmm.lib" />
					<Add library="gdi32.lib" />
					<Add directory="$(SolutionDir)Dependencies/SFML-64/lib" />
				</Linker>
			</Target>
			<Target title="Server Debug x64">
				<Option output="BomberBoy" prefix_auto="1" extension_auto="1" />
				<Option type="0" />
				<Option compiler="gcc" />
				<Compiler>
					<Add option="-DSFML_STATIC" />
					<Add option="-DBUILD_CORE" />
					<Add option="-DBUILD_DEBUG" />
					<Add option="-DBUILD_SERVER" />
					<Add directory="$(SolutionDir)Dependencies/SFML-64/include" />
					<Add directory="$(SolutionDir)Engine-Core/Includes" />
				</Compiler>
				<Linker>
					<Add library="Engine-Core.lib" />
					<Add library="sfml-graphics-s-d.lib" />
					<Add library="sfml-window-s-d.lib" />
					<Add library="sfml-system-s-d.lib" />
					<Add library="opengl32.lib" />
					<Add library="freetype.lib" />
					<Add library="jpeg.lib" />
					<Add library="winmm.lib" />
					<Add library="gdi32.lib" />
					<Add directory="$(SolutionDir)Dependencies/SFML-64/lib" />
				</Linker>
			</Target>
			<Target title="Client Release Win32">
				<Option output="BomberBoy" prefix_auto="1" extension_auto="1" />
				<Option type="0" />
				<Option compiler="gcc" />
				<Compiler>
					<Add option="-DSFML_STATIC" />
					<Add option="-DBUILD_CORE" />
					<Add option="-DBUILD_CLIENT" />
					<Add option="-DBUILD_RELEASE" />
					<Add directory="$(SolutionDir)Dependencies/SFML-32/include" />
					<Add directory="$(SolutionDir)Engine-Core/Includes" />
				</Compiler>
				<Linker>
					<Add library="Engine-Core.lib" />
					<Add library="sfml-graphics-s.lib" />
					<Add library="sfml-window-s.lib" />
					<Add library="sfml-system-s.lib" />
					<Add library="opengl32.lib" />
					<Add library="freetype.lib" />
					<Add library="jpeg.lib" />
					<Add library="winmm.lib" />
					<Add library="gdi32.lib" />
					<Add directory="$(SolutionDir)Dependencies/SFML-32/lib" />
				</Linker>
			</Target>
			<Target title="Client Debug Win32">
				<Option output="BomberBoy" prefix_auto="1" extension_auto="1" />
				<Option type="0" />
				<Option compiler="gcc" />
				<Compiler>
					<Add option="-DSFML_STATIC" />
					<Add option="-DBUILD_CORE" />
					<Add option="-DBUILD_CLIENT" />
					<Add option="-DBUILD_DEBUG" />
					<Add directory="$(SolutionDir)Dependencies/SFML-32/include" />
					<Add directory="$(SolutionDir)Engine-Core/Includes" />
				</Compiler>
				<Linker>
					<Add library="Engine-Core.lib" />
					<Add library="sfml-graphics-s-d.lib" />
					<Add library="sfml-window-s-d.lib" />
					<Add library="sfml-system-s-d.lib" />
					<Add library="opengl32.lib" />
					<Add library="freetype.lib" />
					<Add library="jpeg.lib" />
					<Add library="winmm.lib" />
					<Add library="gdi32.lib" />
					<Add directory="$(SolutionDir)Dependencies/SFML-32/lib" />
				</Linker>
			</Target>
			<Target title="Server Release x64">
				<Option output="BomberBoy" prefix_auto="1" extension_auto="1" />
				<Option type="0" />
				<Option compiler="gcc" />
				<Compiler>
					<Add option="-DSFML_STATIC" />
					<Add option="-DBUILD_CORE" />
					<Add option="-DBUILD_RELEASE" />
					<Add option="-DBUILD_SERVER" />
					<Add directory="$(SolutionDir)Dependencies/SFML-64/include" />
					<Add directory="$(SolutionDir)Engine-Core/Includes" />
				</Compiler>
				<Linker>
					<Add library="Engine-Core.lib" />
					<Add library="sfml-graphics-s.lib" />
					<Add library="sfml-window-s.lib" />
					<Add library="sfml-system-s.lib" />
					<Add library="opengl32.lib" />
					<Add library="freetype.lib" />
					<Add library="jpeg.lib" />
					<Add library="winmm.lib" />
					<Add library="gdi32.lib" />
					<Add directory="$(SolutionDir)Dependencies/SFML-64/lib" />
				</Linker>
			</Target>
			<Target title="Server Debug Win32">
				<Option output="BomberBoy" prefix_auto="1" extension_auto="1" />
				<Option type="0" />
				<Option compiler="gcc" />
				<Compiler>
					<Add option="-DSFML_STATIC" />
					<Add option="-DBUILD_CORE" />
					<Add option="-DBUILD_SERVER" />
					<Add option="-DBUILD_DEBUG" />
					<Add directory="$(SolutionDir)Dependencies/SFML-32/include" />
					<Add directory="$(SolutionDir)Engine-Core/Includes" />
				</Compiler>
				<Linker>
					<Add library="Engine-Core.lib" />
					<Add library="sfml-graphics-s-d.lib" />
					<Add library="sfml-window-s-d.lib" />
					<Add library="sfml-system-s-d.lib" />
					<Add library="opengl32.lib" />
					<Add library="freetype.lib" />
					<Add library="jpeg.lib" />
					<Add library="winmm.lib" />
					<Add library="gdi32.lib" />
					<Add directory="$(SolutionDir)Dependencies/SFML-32/lib" />
				</Linker>
			</Target>
			<Target title="Server Release Win32">
				<Option output="BomberBoy" prefix_auto="1" extension_auto="1" />
				<Option type="0" />
				<Option compiler="gcc" />
				<Compiler>
					<Add option="-DSFML_STATIC" />
					<Add option="-DBUILD_CORE" />
					<Add option="-DBUILD_SERVER" />
					<Add option="-DBUILD_RELEASE" />
					<Add directory="$(SolutionDir)Dependencies/SFML-32/include" />
					<Add directory="$(SolutionDir)Engine-Core/Includes" />
				</Compiler>
				<Linker>
					<Add library="Engine-Core.lib" />
					<Add library="sfml-graphics-s.lib" />
					<Add library="sfml-window-s.lib" />
					<Add library="sfml-system-s.lib" />
					<Add library="opengl32.lib" />
					<Add library="freetype.lib" />
					<Add library="jpeg.lib" />
					<Add library="winmm.lib" />
					<Add library="gdi32.lib" />
					<Add directory="$(SolutionDir)Dependencies/SFML-32/lib" />
				</Linker>
			</Target>
			<Target title="Client Debug x64">
				<Option output="BomberBoy" prefix_auto="1" extension_auto="1" />
				<Option type="0" />
				<Option compiler="gcc" />
				<Compiler>
					<Add option="-DSFML_STATIC" />
					<Add option="-DBUILD_CORE" />
					<Add option="-DBUILD_DEBUG" />
					<Add option="-DBUILD_CLIENT" />
					<Add directory="$(SolutionDir)Dependencies/SFML-64/include" />
					<Add directory="$(SolutionDir)Engine-Core/Includes" />
				</Compiler>
				<Linker>
					<Add library="Engine-Core.lib" />
					<Add library="sfml-graphics-s-d.lib" />
					<Add library="sfml-window-s-d.lib" />
					<Add library="sfml-system-s-d.lib" />
					<Add library="opengl32.lib" />
					<Add library="freetype.lib" />
					<Add library="jpeg.lib" />
					<Add library="winmm.lib" />
					<Add library="gdi32.lib" />
					<Add directory="$(SolutionDir)Dependencies/SFML-64/lib" />
				</Linker>
			</Target>
		</Build>
		<Unit filename="Main.cpp" />
		<Unit filename="MainLevel.cpp" />
		<Unit filename="MainLevel.h" />
		<Unit filename="TestEntity.cpp" />
		<Unit filename="TestEntity.h" />
		<Extensions>
			<code_completion />
			<envvars />
			<debugger />
		</Extensions>
	</Project>
</CodeBlocks_project_file>
