<?xml version="1.0" encoding="utf-8"?>
<Project ToolsVersion="4.0" xmlns="http://schemas.microsoft.com/developer/msbuild/2003">
  <ItemGroup>
    <Filter Include="Includes">
      <UniqueIdentifier>{74fe83da-d2f2-4990-9092-f9b621591c00}</UniqueIdentifier>
    </Filter>
    <Filter Include="Includes\UI">
      <UniqueIdentifier>{fea2aad9-5e09-4ab4-b1a6-bc90e1509496}</UniqueIdentifier>
    </Filter>
    <Filter Include="Source">
      <UniqueIdentifier>{466e0bad-ca43-4dce-a3b6-55b3e62ccfda}</UniqueIdentifier>
    </Filter>
    <Filter Include="Source\UI">
      <UniqueIdentifier>{2e899a49-108e-4d8a-80ef-8da88c90f8cb}</UniqueIdentifier>
    </Filter>
    <Filter Include="Includes\Levels">
      <UniqueIdentifier>{9aae1b29-e8db-43c6-9cb2-6a213f51fa49}</UniqueIdentifier>
    </Filter>
    <Filter Include="Source\Levels">
      <UniqueIdentifier>{9eb28a2e-7e68-429b-9319-3bf95debe6a7}</UniqueIdentifier>
    </Filter>
    <Filter Include="Includes\Levels\Lobby">
      <UniqueIdentifier>{809c207c-f2e9-424e-99f1-b2ca0f166b7e}</UniqueIdentifier>
    </Filter>
    <Filter Include="Source\Levels\Lobby">
      <UniqueIdentifier>{acca6524-68a5-4aef-9da1-d2d680c3335c}</UniqueIdentifier>
    </Filter>
    <Filter Include="Includes\Levels\Modes">
      <UniqueIdentifier>{74d8b753-a2a2-4a3d-9592-75d9a9690dc9}</UniqueIdentifier>
    </Filter>
    <Filter Include="Includes\Levels\Modes\FFA">
      <UniqueIdentifier>{85828e2b-3288-47c2-9dfe-317db34dd06f}</UniqueIdentifier>
    </Filter>
    <Filter Include="Source\Levels\Modes">
      <UniqueIdentifier>{de44a02d-34ab-47dc-ad26-b5e3fd3c5ae9}</UniqueIdentifier>
    </Filter>
    <Filter Include="Source\Levels\Modes\FFA">
      <UniqueIdentifier>{945b3e4f-70eb-49f0-ac3e-0b7486f9dea6}</UniqueIdentifier>
    </Filter>
  </ItemGroup>
  <ItemGroup>
    <ClCompile Include="BPlayerController.cpp">
      <Filter>Source</Filter>
    </ClCompile>
    <ClCompile Include="Main.cpp">
      <Filter>Source</Filter>
    </ClCompile>
    <ClCompile Include="MenuContainer.cpp">
      <Filter>Source\UI</Filter>
    </ClCompile>
    <ClCompile Include="HostMenu.cpp">
      <Filter>Source\UI</Filter>
    </ClCompile>
    <ClCompile Include="ConnectMenu.cpp">
      <Filter>Source\UI</Filter>
    </ClCompile>
    <ClCompile Include="ChatWidget.cpp">
      <Filter>Source\UI</Filter>
    </ClCompile>
    <ClCompile Include="MainMenuLevel.cpp">
      <Filter>Source\Levels</Filter>
    </ClCompile>
    <ClCompile Include="MainMenuHUD.cpp">
      <Filter>Source\Levels</Filter>
    </ClCompile>
    <ClCompile Include="LobbyLevel.cpp">
      <Filter>Source\Levels\Lobby</Filter>
    </ClCompile>
    <ClCompile Include="LobbyController.cpp">
      <Filter>Source\Levels\Lobby</Filter>
    </ClCompile>
    <ClCompile Include="LobbyHUD.cpp">
      <Filter>Source\Levels\Lobby</Filter>
    </ClCompile>
    <ClCompile Include="MapVoteMenu.cpp">
      <Filter>Source\Levels\Lobby</Filter>
    </ClCompile>
    <ClCompile Include="APIController.cpp">
      <Filter>Source</Filter>
    </ClCompile>
    <ClCompile Include="LoginMenu.cpp">
      <Filter>Source\UI</Filter>
    </ClCompile>
    <ClCompile Include="APINetLayer.cpp">
      <Filter>Source</Filter>
    </ClCompile>
    <ClCompile Include="BGameLevelBase.cpp">
      <Filter>Source\Levels\Modes</Filter>
    </ClCompile>
    <ClCompile Include="BCharacter.cpp">
      <Filter>Source\Levels\Modes</Filter>
    </ClCompile>
    <ClCompile Include="BLevelArena.cpp">
      <Filter>Source\Levels\Modes</Filter>
    </ClCompile>
    <ClCompile Include="BBomb.cpp">
      <Filter>Source\Levels\Modes</Filter>
    </ClCompile>
    <ClCompile Include="BStoneLevel.cpp">
      <Filter>Source\Levels\Modes\FFA</Filter>
    </ClCompile>
    <ClCompile Include="BTileableActor.cpp">
      <Filter>Source\Levels\Modes</Filter>
    </ClCompile>
    <ClCompile Include="BLevelController.cpp">
      <Filter>Source\Levels\Modes</Filter>
    </ClCompile>
    <ClCompile Include="GamemodeHUD.cpp">
      <Filter>Source\Levels</Filter>
    </ClCompile>
  </ItemGroup>
  <ItemGroup>
    <ClInclude Include="BPlayerController.h">
      <Filter>Includes</Filter>
    </ClInclude>
    <ClInclude Include="Utils.h">
      <Filter>Includes</Filter>
    </ClInclude>
    <ClInclude Include="MenuContainer.h">
      <Filter>Includes\UI</Filter>
    </ClInclude>
    <ClInclude Include="HostMenu.h">
      <Filter>Includes\UI</Filter>
    </ClInclude>
    <ClInclude Include="ConnectMenu.h">
      <Filter>Includes\UI</Filter>
    </ClInclude>
    <ClInclude Include="ChatWidget.h">
      <Filter>Includes\UI</Filter>
    </ClInclude>
    <ClInclude Include="MainMenuLevel.h">
      <Filter>Includes\Levels</Filter>
    </ClInclude>
    <ClInclude Include="MainMenuHUD.h">
      <Filter>Includes\Levels</Filter>
    </ClInclude>
    <ClInclude Include="LobbyController.h">
      <Filter>Includes\Levels\Lobby</Filter>
    </ClInclude>
    <ClInclude Include="LobbyLevel.h">
      <Filter>Includes\Levels\Lobby</Filter>
    </ClInclude>
    <ClInclude Include="LobbyHUD.h">
      <Filter>Includes\Levels\Lobby</Filter>
    </ClInclude>
    <ClInclude Include="MapVoteMenu.h">
      <Filter>Includes\Levels\Lobby</Filter>
    </ClInclude>
    <ClInclude Include="APIController.h">
      <Filter>Includes</Filter>
    </ClInclude>
    <ClInclude Include="LoginMenu.h">
      <Filter>Includes\UI</Filter>
    </ClInclude>
    <ClInclude Include="APINetLayer.h">
      <Filter>Includes</Filter>
    </ClInclude>
    <ClInclude Include="BGameLevelBase.h">
      <Filter>Includes\Levels\Modes</Filter>
    </ClInclude>
    <ClInclude Include="BCharacter.h">
      <Filter>Includes\Levels\Modes</Filter>
    </ClInclude>
    <ClInclude Include="BLevelArena.h">
      <Filter>Includes\Levels\Modes</Filter>
    </ClInclude>
    <ClInclude Include="BTileableActor.h">
      <Filter>Includes\Levels\Modes</Filter>
    </ClInclude>
    <ClInclude Include="BBomb.h">
      <Filter>Includes\Levels\Modes</Filter>
    </ClInclude>
    <ClInclude Include="BStoneLevel.h">
      <Filter>Includes\Levels\Modes\FFA</Filter>
    </ClInclude>
    <ClInclude Include="BLevelController.h">
      <Filter>Includes\Levels\Modes</Filter>
    </ClInclude>
    <ClInclude Include="GamemodeHUD.h">
      <Filter>Includes\Levels</Filter>
    </ClInclude>
  </ItemGroup>
</Project>