<?xml version="1.0" encoding="utf-8"?>
<Project ToolsVersion="4.0" xmlns="http://schemas.microsoft.com/developer/msbuild/2003">
  <ItemGroup>
    <Filter Include="Includes">
      <UniqueIdentifier>{74fe83da-d2f2-4990-9092-f9b621591c00}</UniqueIdentifier>
    </Filter>
  </ItemGroup>
  <ItemGroup>
    <ClCompile Include="MainLevel.cpp" />
    <ClCompile Include="Main.cpp" />
    <ClCompile Include="TestEntity.cpp" />
    <ClCompile Include="BLevelControllerBase.cpp" />
    <ClCompile Include="BPlayerController.cpp" />
    <ClCompile Include="BCharacter.cpp" />
    <ClCompile Include="BLevelArena.cpp" />
    <ClCompile Include="BTileableActor.cpp" />
    <ClCompile Include="BBomb.cpp" />
  </ItemGroup>
  <ItemGroup>
    <ClInclude Include="MainLevel.h">
      <Filter>Includes</Filter>
    </ClInclude>
    <ClInclude Include="TestEntity.h">
      <Filter>Includes</Filter>
    </ClInclude>
    <ClInclude Include="BLevelControllerBase.h">
      <Filter>Includes</Filter>
    </ClInclude>
    <ClInclude Include="BPlayerController.h">
      <Filter>Includes</Filter>
    </ClInclude>
    <ClInclude Include="BCharacter.h">
      <Filter>Includes</Filter>
    </ClInclude>
    <ClInclude Include="BLevelArena.h">
      <Filter>Includes</Filter>
    </ClInclude>
    <ClInclude Include="BTileableActor.h">
      <Filter>Includes</Filter>
    </ClInclude>
    <ClInclude Include="BBomb.h">
      <Filter>Includes</Filter>
    </ClInclude>
    <ClInclude Include="Utils.h">
      <Filter>Includes</Filter>
    </ClInclude>
  </ItemGroup>
</Project>