<?xml version="1.0" encoding="utf-8"?>
<Project ToolsVersion="4.0" xmlns="http://schemas.microsoft.com/developer/msbuild/2003">
  <ItemGroup>
    <ClCompile Include="Engine.cpp" />
    <ClCompile Include="Entity.cpp" />
    <ClCompile Include="Game.cpp" />
    <ClCompile Include="Level.cpp" />
    <ClCompile Include="Logger.cpp" />
    <ClCompile Include="Camera.cpp" />
    <ClCompile Include="NetSocket.cpp" />
    <ClCompile Include="NetSocketTcp.cpp" />
    <ClCompile Include="NetSocketUdp.cpp" />
    <ClCompile Include="NetController.cpp" />
    <ClCompile Include="NetSession.cpp" />
  </ItemGroup>
  <ItemGroup>
    <Filter Include="Includes">
      <UniqueIdentifier>{b1c162a9-cc92-4e70-ad04-855825df1992}</UniqueIdentifier>
    </Filter>
  </ItemGroup>
  <ItemGroup>
    <ClInclude Include="Includes\Core\Types.h">
      <Filter>Includes</Filter>
    </ClInclude>
    <ClInclude Include="Includes\Core\Common.h">
      <Filter>Includes</Filter>
    </ClInclude>
    <ClInclude Include="Includes\Core\CoreDefs.h">
      <Filter>Includes</Filter>
    </ClInclude>
    <ClInclude Include="Includes\Core\Engine.h">
      <Filter>Includes</Filter>
    </ClInclude>
    <ClInclude Include="Includes\Core\Entity.h">
      <Filter>Includes</Filter>
    </ClInclude>
    <ClInclude Include="Includes\Core\Game.h">
      <Filter>Includes</Filter>
    </ClInclude>
    <ClInclude Include="Includes\Core\Level.h">
      <Filter>Includes</Filter>
    </ClInclude>
    <ClInclude Include="Includes\Core\Logger.h">
      <Filter>Includes</Filter>
    </ClInclude>
    <ClInclude Include="Includes\Core\Camera.h">
      <Filter>Includes</Filter>
    </ClInclude>
    <ClInclude Include="Includes\Core\Encoding.h">
      <Filter>Includes</Filter>
    </ClInclude>
    <ClInclude Include="Includes\Core\ClassFactory.h">
      <Filter>Includes</Filter>
    </ClInclude>
    <ClInclude Include="Includes\Core\NetSocket.h">
      <Filter>Includes</Filter>
    </ClInclude>
    <ClInclude Include="Includes\Core\NetSocketTcp.h">
      <Filter>Includes</Filter>
    </ClInclude>
    <ClInclude Include="Includes\Core\NetSocketUdp.h">
      <Filter>Includes</Filter>
    </ClInclude>
    <ClInclude Include="Includes\Core\NetController.h">
      <Filter>Includes</Filter>
    </ClInclude>
    <ClInclude Include="Includes\Core\EngineMemory.h">
      <Filter>Includes</Filter>
    </ClInclude>
    <ClInclude Include="Includes\Core\Version.h">
      <Filter>Includes</Filter>
    </ClInclude>
    <ClInclude Include="Includes\Core\NetSession.h" />
  </ItemGroup>
</Project>