<?xml version="1.0" encoding="utf-8"?>
<Project ToolsVersion="4.0" xmlns="http://schemas.microsoft.com/developer/msbuild/2003">
  <ItemGroup>
    <ClCompile Include="Camera.cpp">
      <Filter>Source</Filter>
    </ClCompile>
    <ClCompile Include="Engine.cpp">
      <Filter>Source</Filter>
    </ClCompile>
    <ClCompile Include="Game.cpp">
      <Filter>Source</Filter>
    </ClCompile>
    <ClCompile Include="Level.cpp">
      <Filter>Source</Filter>
    </ClCompile>
    <ClCompile Include="Logger.cpp">
      <Filter>Source</Filter>
    </ClCompile>
    <ClCompile Include="NetSocketTcp.cpp">
      <Filter>Source\Net</Filter>
    </ClCompile>
    <ClCompile Include="NetController.cpp">
      <Filter>Source\Net</Filter>
    </ClCompile>
    <ClCompile Include="NetHostSession.cpp">
      <Filter>Source\Net</Filter>
    </ClCompile>
    <ClCompile Include="NetSession.cpp">
      <Filter>Source\Net</Filter>
    </ClCompile>
    <ClCompile Include="NetSocket.cpp">
      <Filter>Source\Net</Filter>
    </ClCompile>
    <ClCompile Include="NetSocketUdp.cpp">
      <Filter>Source\Net</Filter>
    </ClCompile>
    <ClCompile Include="NetRemoteSession.cpp">
      <Filter>Source\Net</Filter>
    </ClCompile>
    <ClCompile Include="NetSerializableBase.cpp">
      <Filter>Source\Net</Filter>
    </ClCompile>
    <ClCompile Include="Actor.cpp">
      <Filter>Source</Filter>
    </ClCompile>
    <ClCompile Include="Object.cpp">
      <Filter>Source</Filter>
    </ClCompile>
    <ClCompile Include="ByteBuffer.cpp">
      <Filter>Source\Core</Filter>
    </ClCompile>
    <ClCompile Include="ManagedClass.cpp">
      <Filter>Source\Core</Filter>
    </ClCompile>
    <ClCompile Include="PlayerController.cpp">
      <Filter>Source</Filter>
    </ClCompile>
  </ItemGroup>
  <ItemGroup>
    <Filter Include="Includes">
      <UniqueIdentifier>{b1c162a9-cc92-4e70-ad04-855825df1992}</UniqueIdentifier>
    </Filter>
    <Filter Include="Includes\Net">
      <UniqueIdentifier>{7a5de2a6-257b-456e-a608-2a9b2eb59960}</UniqueIdentifier>
    </Filter>
    <Filter Include="Source">
      <UniqueIdentifier>{9df494a1-619e-4ec4-b7dd-d5570d532b99}</UniqueIdentifier>
    </Filter>
    <Filter Include="Source\Net">
      <UniqueIdentifier>{ef31c51d-12a5-453d-8e5a-696b12ac4d6a}</UniqueIdentifier>
    </Filter>
    <Filter Include="Includes\Core">
      <UniqueIdentifier>{ab720ad7-3883-47dd-be1b-e56c8b38ee82}</UniqueIdentifier>
    </Filter>
    <Filter Include="Source\Core">
      <UniqueIdentifier>{15dac885-aaf3-41b8-9469-a4c62ff7addc}</UniqueIdentifier>
    </Filter>
  </ItemGroup>
  <ItemGroup>
    <ClInclude Include="Includes\Core\Engine.h">
      <Filter>Includes</Filter>
    </ClInclude>
    <ClInclude Include="Includes\Core\Game.h">
      <Filter>Includes</Filter>
    </ClInclude>
    <ClInclude Include="Includes\Core\Level.h">
      <Filter>Includes</Filter>
    </ClInclude>
    <ClInclude Include="Includes\Core\Logger.h">
      <Filter>Includes</Filter>
    </ClInclude>
    <ClInclude Include="Includes\Core\Camera.h">
      <Filter>Includes</Filter>
    </ClInclude>
    <ClInclude Include="Includes\Core\NetHostSession.h">
      <Filter>Includes\Net</Filter>
    </ClInclude>
    <ClInclude Include="Includes\Core\NetController.h">
      <Filter>Includes\Net</Filter>
    </ClInclude>
    <ClInclude Include="Includes\Core\NetSession.h">
      <Filter>Includes\Net</Filter>
    </ClInclude>
    <ClInclude Include="Includes\Core\NetSocket.h">
      <Filter>Includes\Net</Filter>
    </ClInclude>
    <ClInclude Include="Includes\Core\NetSocketTcp.h">
      <Filter>Includes\Net</Filter>
    </ClInclude>
    <ClInclude Include="Includes\Core\NetSocketUdp.h">
      <Filter>Includes\Net</Filter>
    </ClInclude>
    <ClInclude Include="Includes\Core\NetRemoteSession.h">
      <Filter>Includes\Net</Filter>
    </ClInclude>
    <ClInclude Include="Includes\Core\NetSerializableBase.h">
      <Filter>Includes\Net</Filter>
    </ClInclude>
    <ClInclude Include="Includes\Core\Actor.h">
      <Filter>Includes</Filter>
    </ClInclude>
    <ClInclude Include="Includes\Core\Object.h">
      <Filter>Includes</Filter>
    </ClInclude>
    <ClInclude Include="Includes\Core\Version.h">
      <Filter>Includes\Core</Filter>
    </ClInclude>
    <ClInclude Include="Includes\Core\Types.h">
      <Filter>Includes\Core</Filter>
    </ClInclude>
    <ClInclude Include="Includes\Core\ManagedClass.h">
      <Filter>Includes\Core</Filter>
    </ClInclude>
    <ClInclude Include="Includes\Core\EngineMemory.h">
      <Filter>Includes\Core</Filter>
    </ClInclude>
    <ClInclude Include="Includes\Core\CoreDefs.h">
      <Filter>Includes\Core</Filter>
    </ClInclude>
    <ClInclude Include="Includes\Core\Encoding.h">
      <Filter>Includes\Core</Filter>
    </ClInclude>
    <ClInclude Include="Includes\Core\Common.h">
      <Filter>Includes\Core</Filter>
    </ClInclude>
    <ClInclude Include="Includes\Core\ByteBuffer.h">
      <Filter>Includes\Core</Filter>
    </ClInclude>
    <ClInclude Include="Includes\Core\Core-Common.h">
      <Filter>Includes</Filter>
    </ClInclude>
    <ClInclude Include="Includes\Core\PlayerController.h">
      <Filter>Includes</Filter>
    </ClInclude>
  </ItemGroup>
</Project>